
Microsoft Visual Studio Solution File, Format Version 12.00
# Visual Studio Version 16
VisualStudioVersion = 16.0.31410.357
MinimumVisualStudioVersion = 10.0.40219.1
Project("{FAE04EC0-301F-11D3-BF4B-00C04F79EFBC}") = "DioDocsPdfViewerApp3", "DioDocsPdfViewerApp3\DioDocsPdfViewerApp3.csproj", "{CEF85486-C6C8-4ACD-B2B3-7FE613621165}"
EndProject
Project("{9A19103F-16F7-4668-BE54-9A1E7A4F7556}") = "SupportWebApiApp", "WebAPiApp1\SupportWebApiApp.csproj", "{4752B23D-9422-46B5-ADE1-380B5DE0BF5A}"
EndProject
Project("{9A19103F-16F7-4668-BE54-9A1E7A4F7556}") = "SupportApi", "SupportApi\SupportApi.csproj", "{5488B270-6788-4AFC-A882-96A11168E93B}"
EndProject
Global
	GlobalSection(SolutionConfigurationPlatforms) = preSolution
		Debug|Any CPU = Debug|Any CPU
		Release|Any CPU = Release|Any CPU
	EndGlobalSection
	GlobalSection(ProjectConfigurationPlatforms) = postSolution
		{CEF85486-C6C8-4ACD-B2B3-7FE613621165}.Debug|Any CPU.ActiveCfg = Debug|Any CPU
		{CEF85486-C6C8-4ACD-B2B3-7FE613621165}.Debug|Any CPU.Build.0 = Debug|Any CPU
		{CEF85486-C6C8-4ACD-B2B3-7FE613621165}.Release|Any CPU.ActiveCfg = Release|Any CPU
		{CEF85486-C6C8-4ACD-B2B3-7FE613621165}.Release|Any CPU.Build.0 = Release|Any CPU
		{4752B23D-9422-46B5-ADE1-380B5DE0BF5A}.Debug|Any CPU.ActiveCfg = Debug|Any CPU
		{4752B23D-9422-46B5-ADE1-380B5DE0BF5A}.Debug|Any CPU.Build.0 = Debug|Any CPU
		{4752B23D-9422-46B5-ADE1-380B5DE0BF5A}.Release|Any CPU.ActiveCfg = Release|Any CPU
		{4752B23D-9422-46B5-ADE1-380B5DE0BF5A}.Release|Any CPU.Build.0 = Release|Any CPU
		{5488B270-6788-4AFC-A882-96A11168E93B}.Debug|Any CPU.ActiveCfg = Debug|Any CPU
		{5488B270-6788-4AFC-A882-96A11168E93B}.Debug|Any CPU.Build.0 = Debug|Any CPU
		{5488B270-6788-4AFC-A882-96A11168E93B}.Release|Any CPU.ActiveCfg = Release|Any CPU
		{5488B270-6788-4AFC-A882-96A11168E93B}.Release|Any CPU.Build.0 = Release|Any CPU
	EndGlobalSection
	GlobalSection(SolutionProperties) = preSolution
		HideSolutionNode = FALSE
	EndGlobalSection
	GlobalSection(ExtensibilityGlobals) = postSolution
		SolutionGuid = {A7C98647-7014-4724-A6C8-B68B8C6FBF5E}
	EndGlobalSection
EndGlobal
