{
  "requires": true,
  "lockfileVersion": 1,
  "dependencies": {
    "@grapecity/gcpdfviewer": {
      "version": "2.1.18",
      "resolved": "https://registry.npmjs.org/@grapecity/gcpdfviewer/-/gcpdfviewer-2.1.18.tgz",
      "integrity": "sha512-YVzm3MCdCBdJG8KInp2WJn3LTY4Xz/ew4vn97yt9HPHTqlabU/gGgWKE1Q6wJNVMZ5jfPgRyOKvH8Va2YhSPsw=="
    }
  }
}
